
Microsoft Visual Studio Solution File, Format Version 12.00
# Visual Studio Version 17
VisualStudioVersion = 17.4.33122.133
MinimumVisualStudioVersion = 10.0.40219.1
Project("{FAE04EC0-301F-11D3-BF4B-00C04F79EFBC}") = "ApiDriver", "ApiDriver.csproj", "{BFA731A3-B64B-4030-ACD1-BB978B17B047}"
EndProject
Global
	GlobalSection(SolutionConfigurationPlatforms) = preSolution
		Debug|Any CPU = Debug|Any CPU
		Release|Any CPU = Release|Any CPU
	EndGlobalSection
	GlobalSection(ProjectConfigurationPlatforms) = postSolution
		{BFA731A3-B64B-4030-ACD1-BB978B17B047}.Debug|Any CPU.ActiveCfg = Debug|Any CPU
		{BFA731A3-B64B-4030-ACD1-BB978B17B047}.Debug|Any CPU.Build.0 = Debug|Any CPU
		{BFA731A3-B64B-4030-ACD1-BB978B17B047}.Release|Any CPU.ActiveCfg = Release|Any CPU
		{BFA731A3-B64B-4030-ACD1-BB978B17B047}.Release|Any CPU.Build.0 = Release|Any CPU
	EndGlobalSection
	GlobalSection(SolutionProperties) = preSolution
		HideSolutionNode = FALSE
	EndGlobalSection
	GlobalSection(ExtensibilityGlobals) = postSolution
		SolutionGuid = {C8400A6C-15DC-44B0-851C-38A1FDC43423}
	EndGlobalSection
EndGlobal
