
Microsoft Visual Studio Solution File, Format Version 12.00
# Visual Studio Version 17
VisualStudioVersion = 17.4.33122.133
MinimumVisualStudioVersion = 10.0.40219.1
Project("{FAE04EC0-301F-11D3-BF4B-00C04F79EFBC}") = "ApiNotification", "ApiNotification.csproj", "{8E1CDF79-11A6-49BF-8955-7BA98AE6AC6E}"
EndProject
Global
	GlobalSection(SolutionConfigurationPlatforms) = preSolution
		Debug|Any CPU = Debug|Any CPU
		Release|Any CPU = Release|Any CPU
	EndGlobalSection
	GlobalSection(ProjectConfigurationPlatforms) = postSolution
		{8E1CDF79-11A6-49BF-8955-7BA98AE6AC6E}.Debug|Any CPU.ActiveCfg = Debug|Any CPU
		{8E1CDF79-11A6-49BF-8955-7BA98AE6AC6E}.Debug|Any CPU.Build.0 = Debug|Any CPU
		{8E1CDF79-11A6-49BF-8955-7BA98AE6AC6E}.Release|Any CPU.ActiveCfg = Release|Any CPU
		{8E1CDF79-11A6-49BF-8955-7BA98AE6AC6E}.Release|Any CPU.Build.0 = Release|Any CPU
	EndGlobalSection
	GlobalSection(SolutionProperties) = preSolution
		HideSolutionNode = FALSE
	EndGlobalSection
	GlobalSection(ExtensibilityGlobals) = postSolution
		SolutionGuid = {FB9EA7EE-C5B1-407D-8281-C55C391D5435}
	EndGlobalSection
EndGlobal
