
Microsoft Visual Studio Solution File, Format Version 12.00
# Visual Studio Version 17
VisualStudioVersion = 17.4.33122.133
MinimumVisualStudioVersion = 10.0.40219.1
Project("{FAE04EC0-301F-11D3-BF4B-00C04F79EFBC}") = "ApiUser", "ApiUser.csproj", "{256A8043-86A4-48FC-AAD9-503CB6EE204C}"
EndProject
Global
	GlobalSection(SolutionConfigurationPlatforms) = preSolution
		Debug|Any CPU = Debug|Any CPU
		Release|Any CPU = Release|Any CPU
	EndGlobalSection
	GlobalSection(ProjectConfigurationPlatforms) = postSolution
		{256A8043-86A4-48FC-AAD9-503CB6EE204C}.Debug|Any CPU.ActiveCfg = Debug|Any CPU
		{256A8043-86A4-48FC-AAD9-503CB6EE204C}.Debug|Any CPU.Build.0 = Debug|Any CPU
		{256A8043-86A4-48FC-AAD9-503CB6EE204C}.Release|Any CPU.ActiveCfg = Release|Any CPU
		{256A8043-86A4-48FC-AAD9-503CB6EE204C}.Release|Any CPU.Build.0 = Release|Any CPU
	EndGlobalSection
	GlobalSection(SolutionProperties) = preSolution
		HideSolutionNode = FALSE
	EndGlobalSection
	GlobalSection(ExtensibilityGlobals) = postSolution
		SolutionGuid = {2F4ECFA5-386E-4E02-9A81-77908A1AA646}
	EndGlobalSection
EndGlobal
