
Microsoft Visual Studio Solution File, Format Version 12.00
# Visual Studio Version 17
VisualStudioVersion = 17.6.33712.159
MinimumVisualStudioVersion = 10.0.40219.1
Project("{FAE04EC0-301F-11D3-BF4B-00C04F79EFBC}") = "BlogPost", "BlogPost.csproj", "{A8AD0A76-9DAF-4058-B30B-1434A5F5D195}"
EndProject
Global
	GlobalSection(SolutionConfigurationPlatforms) = preSolution
		Debug|Any CPU = Debug|Any CPU
		Release|Any CPU = Release|Any CPU
	EndGlobalSection
	GlobalSection(ProjectConfigurationPlatforms) = postSolution
		{A8AD0A76-9DAF-4058-B30B-1434A5F5D195}.Debug|Any CPU.ActiveCfg = Debug|Any CPU
		{A8AD0A76-9DAF-4058-B30B-1434A5F5D195}.Debug|Any CPU.Build.0 = Debug|Any CPU
		{A8AD0A76-9DAF-4058-B30B-1434A5F5D195}.Release|Any CPU.ActiveCfg = Release|Any CPU
		{A8AD0A76-9DAF-4058-B30B-1434A5F5D195}.Release|Any CPU.Build.0 = Release|Any CPU
	EndGlobalSection
	GlobalSection(SolutionProperties) = preSolution
		HideSolutionNode = FALSE
	EndGlobalSection
	GlobalSection(ExtensibilityGlobals) = postSolution
		SolutionGuid = {0C846CEF-5EFD-4F29-BFD8-0C87CE04560F}
	EndGlobalSection
EndGlobal
